// !$*UTF8*$!
{
	archiveVersion = 1;
	classes = {
	};
	objectVersion = 46;
	objects = {

/* Begin PBXBuildFile section */
		9761FF3D14D394C200839CD5 /* UIKit.framework in Frameworks */ = {isa = PBXBuildFile; fileRef = 9761FF3C14D394C200839CD5 /* UIKit.framework */; };
		9761FF3F14D394C200839CD5 /* Foundation.framework in Frameworks */ = {isa = PBXBuildFile; fileRef = 9761FF3E14D394C200839CD5 /* Foundation.framework */; };
		9761FF4114D394C200839CD5 /* CoreGraphics.framework in Frameworks */ = {isa = PBXBuildFile; fileRef = 9761FF4014D394C200839CD5 /* CoreGraphics.framework */; };
		9761FF4714D394C200839CD5 /* InfoPlist.strings in Resources */ = {isa = PBXBuildFile; fileRef = 9761FF4514D394C200839CD5 /* InfoPlist.strings */; };
		9761FF4914D394C200839CD5 /* main.m in Sources */ = {isa = PBXBuildFile; fileRef = 9761FF4814D394C200839CD5 /* main.m */; };
		9761FF4D14D394C200839CD5 /* PRPAppDelegate.m in Sources */ = {isa = PBXBuildFile; fileRef = 9761FF4C14D394C200839CD5 /* PRPAppDelegate.m */; };
		9761FF5014D394C200839CD5 /* MainStoryboard.storyboard in Resources */ = {isa = PBXBuildFile; fileRef = 9761FF4E14D394C200839CD5 /* MainStoryboard.storyboard */; };
		9761FF6314D3976A00839CD5 /* IMG_1948.jpg in Resources */ = {isa = PBXBuildFile; fileRef = 9761FF5914D3976A00839CD5 /* IMG_1948.jpg */; };
		9761FF6414D3976A00839CD5 /* PRPRecipe.m in Sources */ = {isa = PBXBuildFile; fileRef = 9761FF5B14D3976A00839CD5 /* PRPRecipe.m */; };
		9761FF6514D3976A00839CD5 /* PRPViewController.m in Sources */ = {isa = PBXBuildFile; fileRef = 9761FF5D14D3976A00839CD5 /* PRPViewController.m */; };
		9761FF6614D3976A00839CD5 /* PRPRecipesListViewController.m in Sources */ = {isa = PBXBuildFile; fileRef = 9761FF5F14D3976A00839CD5 /* PRPRecipesListViewController.m */; };
		9761FF6714D3976A00839CD5 /* PRPRecipesSource.m in Sources */ = {isa = PBXBuildFile; fileRef = 9761FF6214D3976A00839CD5 /* PRPRecipesSource.m */; };
/* End PBXBuildFile section */

/* Begin PBXFileReference section */
		9761FF3814D394C200839CD5 /* StoryboardRecipes.app */ = {isa = PBXFileReference; explicitFileType = wrapper.application; includeInIndex = 0; path = StoryboardRecipes.app; sourceTree = BUILT_PRODUCTS_DIR; };
		9761FF3C14D394C200839CD5 /* UIKit.framework */ = {isa = PBXFileReference; lastKnownFileType = wrapper.framework; name = UIKit.framework; path = System/Library/Frameworks/UIKit.framework; sourceTree = SDKROOT; };
		9761FF3E14D394C200839CD5 /* Foundation.framework */ = {isa = PBXFileReference; lastKnownFileType = wrapper.framework; name = Foundation.framework; path = System/Library/Frameworks/Foundation.framework; sourceTree = SDKROOT; };
		9761FF4014D394C200839CD5 /* CoreGraphics.framework */ = {isa = PBXFileReference; lastKnownFileType = wrapper.framework; name = CoreGraphics.framework; path = System/Library/Frameworks/CoreGraphics.framework; sourceTree = SDKROOT; };
		9761FF4414D394C200839CD5 /* StoryboardRecipes-Info.plist */ = {isa = PBXFileReference; lastKnownFileType = text.plist.xml; path = "StoryboardRecipes-Info.plist"; sourceTree = "<group>"; };
		9761FF4614D394C200839CD5 /* en */ = {isa = PBXFileReference; lastKnownFileType = text.plist.strings; name = en; path = en.lproj/InfoPlist.strings; sourceTree = "<group>"; };
		9761FF4814D394C200839CD5 /* main.m */ = {isa = PBXFileReference; lastKnownFileType = sourcecode.c.objc; path = main.m; sourceTree = "<group>"; };
		9761FF4A14D394C200839CD5 /* StoryboardRecipes-Prefix.pch */ = {isa = PBXFileReference; lastKnownFileType = sourcecode.c.h; path = "StoryboardRecipes-Prefix.pch"; sourceTree = "<group>"; };
		9761FF4B14D394C200839CD5 /* PRPAppDelegate.h */ = {isa = PBXFileReference; lastKnownFileType = sourcecode.c.h; path = PRPAppDelegate.h; sourceTree = "<group>"; };
		9761FF4C14D394C200839CD5 /* PRPAppDelegate.m */ = {isa = PBXFileReference; lastKnownFileType = sourcecode.c.objc; path = PRPAppDelegate.m; sourceTree = "<group>"; };
		9761FF4F14D394C200839CD5 /* en */ = {isa = PBXFileReference; lastKnownFileType = file.storyboard; name = en; path = en.lproj/MainStoryboard.storyboard; sourceTree = "<group>"; };
		9761FF5914D3976A00839CD5 /* IMG_1948.jpg */ = {isa = PBXFileReference; lastKnownFileType = image.jpeg; path = IMG_1948.jpg; sourceTree = "<group>"; };
		9761FF5A14D3976A00839CD5 /* PRPRecipe.h */ = {isa = PBXFileReference; fileEncoding = 4; lastKnownFileType = sourcecode.c.h; path = PRPRecipe.h; sourceTree = "<group>"; };
		9761FF5B14D3976A00839CD5 /* PRPRecipe.m */ = {isa = PBXFileReference; fileEncoding = 4; lastKnownFileType = sourcecode.c.objc; path = PRPRecipe.m; sourceTree = "<group>"; };
		9761FF5C14D3976A00839CD5 /* PRPViewController.h */ = {isa = PBXFileReference; fileEncoding = 4; lastKnownFileType = sourcecode.c.h; path = PRPViewController.h; sourceTree = "<group>"; };
		9761FF5D14D3976A00839CD5 /* PRPViewController.m */ = {isa = PBXFileReference; fileEncoding = 4; lastKnownFileType = sourcecode.c.objc; path = PRPViewController.m; sourceTree = "<group>"; };
		9761FF5E14D3976A00839CD5 /* PRPRecipesListViewController.h */ = {isa = PBXFileReference; fileEncoding = 4; lastKnownFileType = sourcecode.c.h; path = PRPRecipesListViewController.h; sourceTree = "<group>"; };
		9761FF5F14D3976A00839CD5 /* PRPRecipesListViewController.m */ = {isa = PBXFileReference; fileEncoding = 4; lastKnownFileType = sourcecode.c.objc; path = PRPRecipesListViewController.m; sourceTree = "<group>"; };
		9761FF6014D3976A00839CD5 /* PRPRecipesListDataSource.h */ = {isa = PBXFileReference; fileEncoding = 4; lastKnownFileType = sourcecode.c.h; path = PRPRecipesListDataSource.h; sourceTree = "<group>"; };
		9761FF6114D3976A00839CD5 /* PRPRecipesSource.h */ = {isa = PBXFileReference; fileEncoding = 4; lastKnownFileType = sourcecode.c.h; path = PRPRecipesSource.h; sourceTree = "<group>"; };
		9761FF6214D3976A00839CD5 /* PRPRecipesSource.m */ = {isa = PBXFileReference; fileEncoding = 4; lastKnownFileType = sourcecode.c.objc; path = PRPRecipesSource.m; sourceTree = "<group>"; };
/* End PBXFileReference section */

/* Begin PBXFrameworksBuildPhase section */
		9761FF3514D394C200839CD5 /* Frameworks */ = {
			isa = PBXFrameworksBuildPhase;
			buildActionMask = 2147483647;
			files = (
				9761FF3D14D394C200839CD5 /* UIKit.framework in Frameworks */,
				9761FF3F14D394C200839CD5 /* Foundation.framework in Frameworks */,
				9761FF4114D394C200839CD5 /* CoreGraphics.framework in Frameworks */,
			);
			runOnlyForDeploymentPostprocessing = 0;
		};
/* End PBXFrameworksBuildPhase section */

/* Begin PBXGroup section */
		9761FF2D14D394C200839CD5 = {
			isa = PBXGroup;
			children = (
				9761FF4214D394C200839CD5 /* StoryboardRecipes */,
				9761FF3B14D394C200839CD5 /* Frameworks */,
				9761FF3914D394C200839CD5 /* Products */,
			);
			sourceTree = "<group>";
		};
		9761FF3914D394C200839CD5 /* Products */ = {
			isa = PBXGroup;
			children = (
				9761FF3814D394C200839CD5 /* StoryboardRecipes.app */,
			);
			name = Products;
			sourceTree = "<group>";
		};
		9761FF3B14D394C200839CD5 /* Frameworks */ = {
			isa = PBXGroup;
			children = (
				9761FF3C14D394C200839CD5 /* UIKit.framework */,
				9761FF3E14D394C200839CD5 /* Foundation.framework */,
				9761FF4014D394C200839CD5 /* CoreGraphics.framework */,
			);
			name = Frameworks;
			sourceTree = "<group>";
		};
		9761FF4214D394C200839CD5 /* StoryboardRecipes */ = {
			isa = PBXGroup;
			children = (
				9761FF5914D3976A00839CD5 /* IMG_1948.jpg */,
				9761FF5A14D3976A00839CD5 /* PRPRecipe.h */,
				9761FF5B14D3976A00839CD5 /* PRPRecipe.m */,
				9761FF5C14D3976A00839CD5 /* PRPViewController.h */,
				9761FF5D14D3976A00839CD5 /* PRPViewController.m */,
				9761FF5E14D3976A00839CD5 /* PRPRecipesListViewController.h */,
				9761FF5F14D3976A00839CD5 /* PRPRecipesListViewController.m */,
				9761FF6014D3976A00839CD5 /* PRPRecipesListDataSource.h */,
				9761FF6114D3976A00839CD5 /* PRPRecipesSource.h */,
				9761FF6214D3976A00839CD5 /* PRPRecipesSource.m */,
				9761FF4B14D394C200839CD5 /* PRPAppDelegate.h */,
				9761FF4C14D394C200839CD5 /* PRPAppDelegate.m */,
				9761FF4E14D394C200839CD5 /* MainStoryboard.storyboard */,
				9761FF4314D394C200839CD5 /* Supporting Files */,
			);
			path = StoryboardRecipes;
			sourceTree = "<group>";
		};
		9761FF4314D394C200839CD5 /* Supporting Files */ = {
			isa = PBXGroup;
			children = (
				9761FF4414D394C200839CD5 /* StoryboardRecipes-Info.plist */,
				9761FF4514D394C200839CD5 /* InfoPlist.strings */,
				9761FF4814D394C200839CD5 /* main.m */,
				9761FF4A14D394C200839CD5 /* StoryboardRecipes-Prefix.pch */,
			);
			name = "Supporting Files";
			sourceTree = "<group>";
		};
/* End PBXGroup section */

/* Begin PBXNativeTarget section */
		9761FF3714D394C200839CD5 /* StoryboardRecipes */ = {
			isa = PBXNativeTarget;
			buildConfigurationList = 9761FF5614D394C200839CD5 /* Build configuration list for PBXNativeTarget "StoryboardRecipes" */;
			buildPhases = (
				9761FF3414D394C200839CD5 /* Sources */,
				9761FF3514D394C200839CD5 /* Frameworks */,
				9761FF3614D394C200839CD5 /* Resources */,
			);
			buildRules = (
			);
			dependencies = (
			);
			name = StoryboardRecipes;
			productName = StoryboardRecipes;
			productReference = 9761FF3814D394C200839CD5 /* StoryboardRecipes.app */;
			productType = "com.apple.product-type.application";
		};
/* End PBXNativeTarget section */

/* Begin PBXProject section */
		9761FF2F14D394C200839CD5 /* Project object */ = {
			isa = PBXProject;
			attributes = {
				CLASSPREFIX = PRP;
				LastUpgradeCheck = 0430;
				ORGANIZATIONNAME = "e-tuitive";
			};
			buildConfigurationList = 9761FF3214D394C200839CD5 /* Build configuration list for PBXProject "StoryboardRecipes" */;
			compatibilityVersion = "Xcode 3.2";
			developmentRegion = English;
			hasScannedForEncodings = 0;
			knownRegions = (
				en,
			);
			mainGroup = 9761FF2D14D394C200839CD5;
			productRefGroup = 9761FF3914D394C200839CD5 /* Products */;
			projectDirPath = "";
			projectRoot = "";
			targets = (
				9761FF3714D394C200839CD5 /* StoryboardRecipes */,
			);
		};
/* End PBXProject section */

/* Begin PBXResourcesBuildPhase section */
		9761FF3614D394C200839CD5 /* Resources */ = {
			isa = PBXResourcesBuildPhase;
			buildActionMask = 2147483647;
			files = (
				9761FF4714D394C200839CD5 /* InfoPlist.strings in Resources */,
				9761FF5014D394C200839CD5 /* MainStoryboard.storyboard in Resources */,
				9761FF6314D3976A00839CD5 /* IMG_1948.jpg in Resources */,
			);
			runOnlyForDeploymentPostprocessing = 0;
		};
/* End PBXResourcesBuildPhase section */

/* Begin PBXSourcesBuildPhase section */
		9761FF3414D394C200839CD5 /* Sources */ = {
			isa = PBXSourcesBuildPhase;
			buildActionMask = 2147483647;
			files = (
				9761FF4914D394C200839CD5 /* main.m in Sources */,
				9761FF4D14D394C200839CD5 /* PRPAppDelegate.m in Sources */,
				9761FF6414D3976A00839CD5 /* PRPRecipe.m in Sources */,
				9761FF6514D3976A00839CD5 /* PRPViewController.m in Sources */,
				9761FF6614D3976A00839CD5 /* PRPRecipesListViewController.m in Sources */,
				9761FF6714D3976A00839CD5 /* PRPRecipesSource.m in Sources */,
			);
			runOnlyForDeploymentPostprocessing = 0;
		};
/* End PBXSourcesBuildPhase section */

/* Begin PBXVariantGroup section */
		9761FF4514D394C200839CD5 /* InfoPlist.strings */ = {
			isa = PBXVariantGroup;
			children = (
				9761FF4614D394C200839CD5 /* en */,
			);
			name = InfoPlist.strings;
			sourceTree = "<group>";
		};
		9761FF4E14D394C200839CD5 /* MainStoryboard.storyboard */ = {
			isa = PBXVariantGroup;
			children = (
				9761FF4F14D394C200839CD5 /* en */,
			);
			name = MainStoryboard.storyboard;
			sourceTree = "<group>";
		};
/* End PBXVariantGroup section */

/* Begin XCBuildConfiguration section */
		9761FF5414D394C200839CD5 /* Debug */ = {
			isa = XCBuildConfiguration;
			buildSettings = {
				ALWAYS_SEARCH_USER_PATHS = NO;
				ARCHS = "$(ARCHS_STANDARD_32_BIT)";
				CLANG_ENABLE_OBJC_ARC = YES;
				"CODE_SIGN_IDENTITY[sdk=iphoneos*]" = "iPhone Developer";
				COPY_PHASE_STRIP = NO;
				GCC_C_LANGUAGE_STANDARD = gnu99;
				GCC_DYNAMIC_NO_PIC = NO;
				GCC_OPTIMIZATION_LEVEL = 0;
				GCC_PREPROCESSOR_DEFINITIONS = (
					"DEBUG=1",
					"$(inherited)",
				);
				GCC_SYMBOLS_PRIVATE_EXTERN = NO;
				GCC_VERSION = com.apple.compilers.llvm.clang.1_0;
				GCC_WARN_ABOUT_RETURN_TYPE = YES;
				GCC_WARN_UNINITIALIZED_AUTOS = YES;
				GCC_WARN_UNUSED_VARIABLE = YES;
				IPHONEOS_DEPLOYMENT_TARGET = 5.1;
				SDKROOT = iphoneos;
			};
			name = Debug;
		};
		9761FF5514D394C200839CD5 /* Release */ = {
			isa = XCBuildConfiguration;
			buildSettings = {
				ALWAYS_SEARCH_USER_PATHS = NO;
				ARCHS = "$(ARCHS_STANDARD_32_BIT)";
				CLANG_ENABLE_OBJC_ARC = YES;
				"CODE_SIGN_IDENTITY[sdk=iphoneos*]" = "iPhone Developer";
				COPY_PHASE_STRIP = YES;
				GCC_C_LANGUAGE_STANDARD = gnu99;
				GCC_VERSION = com.apple.compilers.llvm.clang.1_0;
				GCC_WARN_ABOUT_RETURN_TYPE = YES;
				GCC_WARN_UNINITIALIZED_AUTOS = YES;
				GCC_WARN_UNUSED_VARIABLE = YES;
				IPHONEOS_DEPLOYMENT_TARGET = 5.1;
				OTHER_CFLAGS = "-DNS_BLOCK_ASSERTIONS=1";
				SDKROOT = iphoneos;
				VALIDATE_PRODUCT = YES;
			};
			name = Release;
		};
		9761FF5714D394C200839CD5 /* Debug */ = {
			isa = XCBuildConfiguration;
			buildSettings = {
				GCC_PRECOMPILE_PREFIX_HEADER = YES;
				GCC_PREFIX_HEADER = "StoryboardRecipes/StoryboardRecipes-Prefix.pch";
				INFOPLIST_FILE = "StoryboardRecipes/StoryboardRecipes-Info.plist";
				IPHONEOS_DEPLOYMENT_TARGET = 5.1;
				PRODUCT_NAME = "$(TARGET_NAME)";
				WRAPPER_EXTENSION = app;
			};
			name = Debug;
		};
		9761FF5814D394C200839CD5 /* Release */ = {
			isa = XCBuildConfiguration;
			buildSettings = {
				GCC_PRECOMPILE_PREFIX_HEADER = YES;
				GCC_PREFIX_HEADER = "StoryboardRecipes/StoryboardRecipes-Prefix.pch";
				INFOPLIST_FILE = "StoryboardRecipes/StoryboardRecipes-Info.plist";
				IPHONEOS_DEPLOYMENT_TARGET = 5.1;
				PRODUCT_NAME = "$(TARGET_NAME)";
				WRAPPER_EXTENSION = app;
			};
			name = Release;
		};
/* End XCBuildConfiguration section */

/* Begin XCConfigurationList section */
		9761FF3214D394C200839CD5 /* Build configuration list for PBXProject "StoryboardRecipes" */ = {
			isa = XCConfigurationList;
			buildConfigurations = (
				9761FF5414D394C200839CD5 /* Debug */,
				9761FF5514D394C200839CD5 /* Release */,
			);
			defaultConfigurationIsVisible = 0;
			defaultConfigurationName = Release;
		};
		9761FF5614D394C200839CD5 /* Build configuration list for PBXNativeTarget "StoryboardRecipes" */ = {
			isa = XCConfigurationList;
			buildConfigurations = (
				9761FF5714D394C200839CD5 /* Debug */,
				9761FF5814D394C200839CD5 /* Release */,
			);
			defaultConfigurationIsVisible = 0;
			defaultConfigurationName = Release;
		};
/* End XCConfigurationList section */
	};
	rootObject = 9761FF2F14D394C200839CD5 /* Project object */;
}
